
Microsoft Visual Studio Solution File, Format Version 12.00
# Visual Studio Version 17
VisualStudioVersion = 17.7.34024.191
MinimumVisualStudioVersion = 10.0.40219.1
Project("{9A19103F-16F7-4668-BE54-9A1E7A4F7556}") = "Electronic document management", "Electronic document management\Electronic document management.csproj", "{FE509564-247A-479A-88C1-684A3DC390D8}"
EndProject
Project("{FAE04EC0-301F-11D3-BF4B-00C04F79EFBC}") = "Electronic document management.Tests", "Electronic document management.Tests\Electronic document management.Tests.csproj", "{5876A833-6D94-4492-A364-BD8AF864CA71}"
	ProjectSection(ProjectDependencies) = postProject
		{FE509564-247A-479A-88C1-684A3DC390D8} = {FE509564-247A-479A-88C1-684A3DC390D8}
	EndProjectSection
EndProject
Global
	GlobalSection(SolutionConfigurationPlatforms) = preSolution
		Debug|Any CPU = Debug|Any CPU
		Release|Any CPU = Release|Any CPU
	EndGlobalSection
	GlobalSection(ProjectConfigurationPlatforms) = postSolution
		{FE509564-247A-479A-88C1-684A3DC390D8}.Debug|Any CPU.ActiveCfg = Debug|Any CPU
		{FE509564-247A-479A-88C1-684A3DC390D8}.Debug|Any CPU.Build.0 = Debug|Any CPU
		{FE509564-247A-479A-88C1-684A3DC390D8}.Release|Any CPU.ActiveCfg = Release|Any CPU
		{FE509564-247A-479A-88C1-684A3DC390D8}.Release|Any CPU.Build.0 = Release|Any CPU
		{5876A833-6D94-4492-A364-BD8AF864CA71}.Debug|Any CPU.ActiveCfg = Debug|Any CPU
		{5876A833-6D94-4492-A364-BD8AF864CA71}.Debug|Any CPU.Build.0 = Debug|Any CPU
		{5876A833-6D94-4492-A364-BD8AF864CA71}.Release|Any CPU.ActiveCfg = Release|Any CPU
		{5876A833-6D94-4492-A364-BD8AF864CA71}.Release|Any CPU.Build.0 = Release|Any CPU
	EndGlobalSection
	GlobalSection(SolutionProperties) = preSolution
		HideSolutionNode = FALSE
	EndGlobalSection
	GlobalSection(ExtensibilityGlobals) = postSolution
		SolutionGuid = {F0D925DD-84DB-47DF-AFC4-A0CB683FCB43}
	EndGlobalSection
EndGlobal
